
Microsoft Visual Studio Solution File, Format Version 12.00
# Visual Studio 14
VisualStudioVersion = 14.0.23107.0
MinimumVisualStudioVersion = 10.0.40219.1
Project("{FAE04EC0-301F-11D3-BF4B-00C04F79EFBC}") = "Shell", "Shell\Shell.csproj", "{AB138AF0-DF6F-4DFA-A034-3ADCA100C7CB}"
EndProject
Project("{2150E333-8FDC-42A3-9474-1A3956D46DE8}") = "Infrastructure", "Infrastructure", "{9AA2F948-A1FD-4644-ADBB-15CF8571414B}"
EndProject
Project("{FAE04EC0-301F-11D3-BF4B-00C04F79EFBC}") = "Bah.Core.Site", "infrastructure\Bah.Core.Site\Bah.Core.Site.csproj", "{92EE3809-0D6C-40F5-8B8F-D09A00772323}"
EndProject
Global
	GlobalSection(SolutionConfigurationPlatforms) = preSolution
		Debug|Any CPU = Debug|Any CPU
		Release|Any CPU = Release|Any CPU
	EndGlobalSection
	GlobalSection(ProjectConfigurationPlatforms) = postSolution
		{AB138AF0-DF6F-4DFA-A034-3ADCA100C7CB}.Debug|Any CPU.ActiveCfg = Debug|Any CPU
		{AB138AF0-DF6F-4DFA-A034-3ADCA100C7CB}.Debug|Any CPU.Build.0 = Debug|Any CPU
		{AB138AF0-DF6F-4DFA-A034-3ADCA100C7CB}.Release|Any CPU.ActiveCfg = Release|Any CPU
		{AB138AF0-DF6F-4DFA-A034-3ADCA100C7CB}.Release|Any CPU.Build.0 = Release|Any CPU
		{92EE3809-0D6C-40F5-8B8F-D09A00772323}.Debug|Any CPU.ActiveCfg = Debug|Any CPU
		{92EE3809-0D6C-40F5-8B8F-D09A00772323}.Debug|Any CPU.Build.0 = Debug|Any CPU
		{92EE3809-0D6C-40F5-8B8F-D09A00772323}.Release|Any CPU.ActiveCfg = Release|Any CPU
		{92EE3809-0D6C-40F5-8B8F-D09A00772323}.Release|Any CPU.Build.0 = Release|Any CPU
	EndGlobalSection
	GlobalSection(SolutionProperties) = preSolution
		HideSolutionNode = FALSE
	EndGlobalSection
	GlobalSection(NestedProjects) = preSolution
		{92EE3809-0D6C-40F5-8B8F-D09A00772323} = {9AA2F948-A1FD-4644-ADBB-15CF8571414B}
	EndGlobalSection
EndGlobal
